
Microsoft Visual Studio Solution File, Format Version 12.00
# Visual Studio 15
VisualStudioVersion = 15.0.28010.2016
MinimumVisualStudioVersion = 10.0.40219.1
Project("{8BC9CEB8-8B4A-11D0-8D11-00A0C91BC942}") = "Sandbox", "Sandbox\Sandbox.vcxproj", "{1522BD36-D262-469E-879E-37C40FED1F0C}"
EndProject
Project("{8BC9CEB8-8B4A-11D0-8D11-00A0C91BC942}") = "Ember", "Ember\Ember.vcxproj", "{E70ED084-2C10-4B26-B6A9-A2DECD81E548}"
EndProject
Global
	GlobalSection(SolutionConfigurationPlatforms) = preSolution
		Debug|x64 = Debug|x64
		Release|x64 = Release|x64
	EndGlobalSection
	GlobalSection(ProjectConfigurationPlatforms) = postSolution
		{E70ED084-2C10-4B26-B6A9-A2DECD81E548}.Debug|x64.ActiveCfg = Debug|x64
		{E70ED084-2C10-4B26-B6A9-A2DECD81E548}.Debug|x64.Build.0 = Debug|x64
		{E70ED084-2C10-4B26-B6A9-A2DECD81E548}.Release|x64.ActiveCfg = Release|x64
		{E70ED084-2C10-4B26-B6A9-A2DECD81E548}.Release|x64.Build.0 = Release|x64
		{1522BD36-D262-469E-879E-37C40FED1F0C}.Debug|x64.ActiveCfg = Debug|x64
		{1522BD36-D262-469E-879E-37C40FED1F0C}.Debug|x64.Build.0 = Debug|x64
		{1522BD36-D262-469E-879E-37C40FED1F0C}.Release|x64.ActiveCfg = Release|x64
		{1522BD36-D262-469E-879E-37C40FED1F0C}.Release|x64.Build.0 = Release|x64
	EndGlobalSection
	GlobalSection(SolutionProperties) = preSolution
		HideSolutionNode = FALSE
	EndGlobalSection
	GlobalSection(ExtensibilityGlobals) = postSolution
		SolutionGuid = {B811BD26-ADB7-4CCC-851E-0DDBCABE3A48}
	EndGlobalSection
EndGlobal
